// !$*UTF8*$!
{
	archiveVersion = 1;
	classes = {
	};
	objectVersion = 56;
	objects = {

/* Begin PBXBuildFile section */
		E207A4532B3557ED008B6A15 /* AppDelegate.swift in Sources */ = {isa = PBXBuildFile; fileRef = E207A4522B3557ED008B6A15 /* AppDelegate.swift */; };
		E207A4552B3557ED008B6A15 /* SceneDelegate.swift in Sources */ = {isa = PBXBuildFile; fileRef = E207A4542B3557ED008B6A15 /* SceneDelegate.swift */; };
		E207A45C2B3557EF008B6A15 /* Assets.xcassets in Resources */ = {isa = PBXBuildFile; fileRef = E207A45B2B3557EF008B6A15 /* Assets.xcassets */; };
		E207A45F2B3557EF008B6A15 /* LaunchScreen.storyboard in Resources */ = {isa = PBXBuildFile; fileRef = E207A45D2B3557EF008B6A15 /* LaunchScreen.storyboard */; };
		E207A4682B355994008B6A15 /* SnapKit in Frameworks */ = {isa = PBXBuildFile; productRef = E207A4672B355994008B6A15 /* SnapKit */; };
		E207A46A2B355994008B6A15 /* SnapKit-Dynamic in Frameworks */ = {isa = PBXBuildFile; productRef = E207A4692B355994008B6A15 /* SnapKit-Dynamic */; };
		E207A4722B355A2F008B6A15 /* CombineMoya in Frameworks */ = {isa = PBXBuildFile; productRef = E207A4712B355A2F008B6A15 /* CombineMoya */; };
		E207A4742B355A2F008B6A15 /* Moya in Frameworks */ = {isa = PBXBuildFile; productRef = E207A4732B355A2F008B6A15 /* Moya */; };
		E207A4762B355A2F008B6A15 /* ReactiveMoya in Frameworks */ = {isa = PBXBuildFile; productRef = E207A4752B355A2F008B6A15 /* ReactiveMoya */; };
		E207A4782B355A2F008B6A15 /* RxMoya in Frameworks */ = {isa = PBXBuildFile; productRef = E207A4772B355A2F008B6A15 /* RxMoya */; };
		E207A47E2B3560E1008B6A15 /* RegistrationModuleBuilder.swift in Sources */ = {isa = PBXBuildFile; fileRef = E207A4792B3560E1008B6A15 /* RegistrationModuleBuilder.swift */; };
		E207A47F2B3560E1008B6A15 /* RegistrationPresenter.swift in Sources */ = {isa = PBXBuildFile; fileRef = E207A47A2B3560E1008B6A15 /* RegistrationPresenter.swift */; };
		E207A4802B3560E1008B6A15 /* RegistrationRouter.swift in Sources */ = {isa = PBXBuildFile; fileRef = E207A47B2B3560E1008B6A15 /* RegistrationRouter.swift */; };
		E207A4812B3560E1008B6A15 /* RegistrationViewController.swift in Sources */ = {isa = PBXBuildFile; fileRef = E207A47C2B3560E1008B6A15 /* RegistrationViewController.swift */; };
		E207A4822B3560E1008B6A15 /* RegistrationInteractor.swift in Sources */ = {isa = PBXBuildFile; fileRef = E207A47D2B3560E1008B6A15 /* RegistrationInteractor.swift */; };
		E207A4882B37E9B8008B6A15 /* CustomContainerView.swift in Sources */ = {isa = PBXBuildFile; fileRef = E207A4872B37E9B8008B6A15 /* CustomContainerView.swift */; };
		E207A48B2B38140B008B6A15 /* AuthAPI.swift in Sources */ = {isa = PBXBuildFile; fileRef = E207A48A2B38140B008B6A15 /* AuthAPI.swift */; };
		E207A48D2B38264D008B6A15 /* AuthService.swift in Sources */ = {isa = PBXBuildFile; fileRef = E207A48C2B38264D008B6A15 /* AuthService.swift */; };
		E207A48F2B3826B1008B6A15 /* UserModel.swift in Sources */ = {isa = PBXBuildFile; fileRef = E207A48E2B3826B1008B6A15 /* UserModel.swift */; };
		E207A4912B385EB0008B6A15 /* AuthToken.swift in Sources */ = {isa = PBXBuildFile; fileRef = E207A4902B385EB0008B6A15 /* AuthToken.swift */; };
		E207A4982B3864E1008B6A15 /* LoginModuleBuilder.swift in Sources */ = {isa = PBXBuildFile; fileRef = E207A4932B3864E1008B6A15 /* LoginModuleBuilder.swift */; };
		E207A4992B3864E1008B6A15 /* LoginPresenter.swift in Sources */ = {isa = PBXBuildFile; fileRef = E207A4942B3864E1008B6A15 /* LoginPresenter.swift */; };
		E207A49A2B3864E1008B6A15 /* LoginRouter.swift in Sources */ = {isa = PBXBuildFile; fileRef = E207A4952B3864E1008B6A15 /* LoginRouter.swift */; };
		E207A49B2B3864E1008B6A15 /* LoginViewController.swift in Sources */ = {isa = PBXBuildFile; fileRef = E207A4962B3864E1008B6A15 /* LoginViewController.swift */; };
		E207A49C2B3864E1008B6A15 /* LoginInteractor.swift in Sources */ = {isa = PBXBuildFile; fileRef = E207A4972B3864E1008B6A15 /* LoginInteractor.swift */; };
		E207A4A82B3872D3008B6A15 /* AppDependencies.swift in Sources */ = {isa = PBXBuildFile; fileRef = E207A4A72B3872D3008B6A15 /* AppDependencies.swift */; };
/* End PBXBuildFile section */

/* Begin PBXFileReference section */
		E207A44F2B3557ED008B6A15 /* Cafe.app */ = {isa = PBXFileReference; explicitFileType = wrapper.application; includeInIndex = 0; path = Cafe.app; sourceTree = BUILT_PRODUCTS_DIR; };
		E207A4522B3557ED008B6A15 /* AppDelegate.swift */ = {isa = PBXFileReference; lastKnownFileType = sourcecode.swift; path = AppDelegate.swift; sourceTree = "<group>"; };
		E207A4542B3557ED008B6A15 /* SceneDelegate.swift */ = {isa = PBXFileReference; lastKnownFileType = sourcecode.swift; path = SceneDelegate.swift; sourceTree = "<group>"; };
		E207A45B2B3557EF008B6A15 /* Assets.xcassets */ = {isa = PBXFileReference; lastKnownFileType = folder.assetcatalog; path = Assets.xcassets; sourceTree = "<group>"; };
		E207A45E2B3557EF008B6A15 /* Base */ = {isa = PBXFileReference; lastKnownFileType = file.storyboard; name = Base; path = Base.lproj/LaunchScreen.storyboard; sourceTree = "<group>"; };
		E207A4602B3557EF008B6A15 /* Info.plist */ = {isa = PBXFileReference; lastKnownFileType = text.plist.xml; path = Info.plist; sourceTree = "<group>"; };
		E207A4792B3560E1008B6A15 /* RegistrationModuleBuilder.swift */ = {isa = PBXFileReference; lastKnownFileType = sourcecode.swift; path = RegistrationModuleBuilder.swift; sourceTree = "<group>"; };
		E207A47A2B3560E1008B6A15 /* RegistrationPresenter.swift */ = {isa = PBXFileReference; lastKnownFileType = sourcecode.swift; path = RegistrationPresenter.swift; sourceTree = "<group>"; };
		E207A47B2B3560E1008B6A15 /* RegistrationRouter.swift */ = {isa = PBXFileReference; lastKnownFileType = sourcecode.swift; path = RegistrationRouter.swift; sourceTree = "<group>"; };
		E207A47C2B3560E1008B6A15 /* RegistrationViewController.swift */ = {isa = PBXFileReference; lastKnownFileType = sourcecode.swift; path = RegistrationViewController.swift; sourceTree = "<group>"; };
		E207A47D2B3560E1008B6A15 /* RegistrationInteractor.swift */ = {isa = PBXFileReference; lastKnownFileType = sourcecode.swift; path = RegistrationInteractor.swift; sourceTree = "<group>"; };
		E207A4872B37E9B8008B6A15 /* CustomContainerView.swift */ = {isa = PBXFileReference; lastKnownFileType = sourcecode.swift; path = CustomContainerView.swift; sourceTree = "<group>"; };
		E207A48A2B38140B008B6A15 /* AuthAPI.swift */ = {isa = PBXFileReference; lastKnownFileType = sourcecode.swift; path = AuthAPI.swift; sourceTree = "<group>"; };
		E207A48C2B38264D008B6A15 /* AuthService.swift */ = {isa = PBXFileReference; lastKnownFileType = sourcecode.swift; path = AuthService.swift; sourceTree = "<group>"; };
		E207A48E2B3826B1008B6A15 /* UserModel.swift */ = {isa = PBXFileReference; lastKnownFileType = sourcecode.swift; path = UserModel.swift; sourceTree = "<group>"; };
		E207A4902B385EB0008B6A15 /* AuthToken.swift */ = {isa = PBXFileReference; lastKnownFileType = sourcecode.swift; path = AuthToken.swift; sourceTree = "<group>"; };
		E207A4932B3864E1008B6A15 /* LoginModuleBuilder.swift */ = {isa = PBXFileReference; lastKnownFileType = sourcecode.swift; path = LoginModuleBuilder.swift; sourceTree = "<group>"; };
		E207A4942B3864E1008B6A15 /* LoginPresenter.swift */ = {isa = PBXFileReference; lastKnownFileType = sourcecode.swift; path = LoginPresenter.swift; sourceTree = "<group>"; };
		E207A4952B3864E1008B6A15 /* LoginRouter.swift */ = {isa = PBXFileReference; lastKnownFileType = sourcecode.swift; path = LoginRouter.swift; sourceTree = "<group>"; };
		E207A4962B3864E1008B6A15 /* LoginViewController.swift */ = {isa = PBXFileReference; lastKnownFileType = sourcecode.swift; path = LoginViewController.swift; sourceTree = "<group>"; };
		E207A4972B3864E1008B6A15 /* LoginInteractor.swift */ = {isa = PBXFileReference; lastKnownFileType = sourcecode.swift; path = LoginInteractor.swift; sourceTree = "<group>"; };
		E207A4A72B3872D3008B6A15 /* AppDependencies.swift */ = {isa = PBXFileReference; lastKnownFileType = sourcecode.swift; path = AppDependencies.swift; sourceTree = "<group>"; };
/* End PBXFileReference section */

/* Begin PBXFrameworksBuildPhase section */
		E207A44C2B3557ED008B6A15 /* Frameworks */ = {
			isa = PBXFrameworksBuildPhase;
			buildActionMask = 2147483647;
			files = (
				E207A4762B355A2F008B6A15 /* ReactiveMoya in Frameworks */,
				E207A4682B355994008B6A15 /* SnapKit in Frameworks */,
				E207A4742B355A2F008B6A15 /* Moya in Frameworks */,
				E207A46A2B355994008B6A15 /* SnapKit-Dynamic in Frameworks */,
				E207A4722B355A2F008B6A15 /* CombineMoya in Frameworks */,
				E207A4782B355A2F008B6A15 /* RxMoya in Frameworks */,
			);
			runOnlyForDeploymentPostprocessing = 0;
		};
/* End PBXFrameworksBuildPhase section */

/* Begin PBXGroup section */
		E207A4462B3557ED008B6A15 = {
			isa = PBXGroup;
			children = (
				E207A4512B3557ED008B6A15 /* Cafe */,
				E207A4502B3557ED008B6A15 /* Products */,
			);
			sourceTree = "<group>";
		};
		E207A4502B3557ED008B6A15 /* Products */ = {
			isa = PBXGroup;
			children = (
				E207A44F2B3557ED008B6A15 /* Cafe.app */,
			);
			name = Products;
			sourceTree = "<group>";
		};
		E207A4512B3557ED008B6A15 /* Cafe */ = {
			isa = PBXGroup;
			children = (
				E207A4892B3813F1008B6A15 /* Services */,
				E207A4832B3560F6008B6A15 /* Modules */,
				E207A4522B3557ED008B6A15 /* AppDelegate.swift */,
				E207A4542B3557ED008B6A15 /* SceneDelegate.swift */,
				E207A45B2B3557EF008B6A15 /* Assets.xcassets */,
				E207A45D2B3557EF008B6A15 /* LaunchScreen.storyboard */,
				E207A4602B3557EF008B6A15 /* Info.plist */,
			);
			path = Cafe;
			sourceTree = "<group>";
		};
		E207A4832B3560F6008B6A15 /* Modules */ = {
			isa = PBXGroup;
			children = (
				E207A4922B3864D0008B6A15 /* Login */,
				E207A4842B3560FF008B6A15 /* Registration */,
				E207A4872B37E9B8008B6A15 /* CustomContainerView.swift */,
			);
			path = Modules;
			sourceTree = "<group>";
		};
		E207A4842B3560FF008B6A15 /* Registration */ = {
			isa = PBXGroup;
			children = (
				E207A47C2B3560E1008B6A15 /* RegistrationViewController.swift */,
				E207A47D2B3560E1008B6A15 /* RegistrationInteractor.swift */,
				E207A47A2B3560E1008B6A15 /* RegistrationPresenter.swift */,
				E207A4792B3560E1008B6A15 /* RegistrationModuleBuilder.swift */,
				E207A47B2B3560E1008B6A15 /* RegistrationRouter.swift */,
				E207A48E2B3826B1008B6A15 /* UserModel.swift */,
				E207A4902B385EB0008B6A15 /* AuthToken.swift */,
			);
			path = Registration;
			sourceTree = "<group>";
		};
		E207A4892B3813F1008B6A15 /* Services */ = {
			isa = PBXGroup;
			children = (
				E207A48A2B38140B008B6A15 /* AuthAPI.swift */,
				E207A48C2B38264D008B6A15 /* AuthService.swift */,
				E207A4A72B3872D3008B6A15 /* AppDependencies.swift */,
			);
			path = Services;
			sourceTree = "<group>";
		};
		E207A4922B3864D0008B6A15 /* Login */ = {
			isa = PBXGroup;
			children = (
				E207A4962B3864E1008B6A15 /* LoginViewController.swift */,
				E207A4972B3864E1008B6A15 /* LoginInteractor.swift */,
				E207A4942B3864E1008B6A15 /* LoginPresenter.swift */,
				E207A4932B3864E1008B6A15 /* LoginModuleBuilder.swift */,
				E207A4952B3864E1008B6A15 /* LoginRouter.swift */,
			);
			path = Login;
			sourceTree = "<group>";
		};
/* End PBXGroup section */

/* Begin PBXNativeTarget section */
		E207A44E2B3557ED008B6A15 /* Cafe */ = {
			isa = PBXNativeTarget;
			buildConfigurationList = E207A4632B3557EF008B6A15 /* Build configuration list for PBXNativeTarget "Cafe" */;
			buildPhases = (
				E207A44B2B3557ED008B6A15 /* Sources */,
				E207A44C2B3557ED008B6A15 /* Frameworks */,
				E207A44D2B3557ED008B6A15 /* Resources */,
			);
			buildRules = (
			);
			dependencies = (
			);
			name = Cafe;
			packageProductDependencies = (
				E207A4672B355994008B6A15 /* SnapKit */,
				E207A4692B355994008B6A15 /* SnapKit-Dynamic */,
				E207A4712B355A2F008B6A15 /* CombineMoya */,
				E207A4732B355A2F008B6A15 /* Moya */,
				E207A4752B355A2F008B6A15 /* ReactiveMoya */,
				E207A4772B355A2F008B6A15 /* RxMoya */,
			);
			productName = Cafe;
			productReference = E207A44F2B3557ED008B6A15 /* Cafe.app */;
			productType = "com.apple.product-type.application";
		};
/* End PBXNativeTarget section */

/* Begin PBXProject section */
		E207A4472B3557ED008B6A15 /* Project object */ = {
			isa = PBXProject;
			attributes = {
				BuildIndependentTargetsInParallel = 1;
				LastSwiftUpdateCheck = 1500;
				LastUpgradeCheck = 1500;
				TargetAttributes = {
					E207A44E2B3557ED008B6A15 = {
						CreatedOnToolsVersion = 15.0;
					};
				};
			};
			buildConfigurationList = E207A44A2B3557ED008B6A15 /* Build configuration list for PBXProject "Cafe" */;
			compatibilityVersion = "Xcode 14.0";
			developmentRegion = en;
			hasScannedForEncodings = 0;
			knownRegions = (
				en,
				Base,
			);
			mainGroup = E207A4462B3557ED008B6A15;
			packageReferences = (
				E207A4662B355994008B6A15 /* XCRemoteSwiftPackageReference "SnapKit" */,
				E207A4702B355A2F008B6A15 /* XCRemoteSwiftPackageReference "Moya" */,
			);
			productRefGroup = E207A4502B3557ED008B6A15 /* Products */;
			projectDirPath = "";
			projectRoot = "";
			targets = (
				E207A44E2B3557ED008B6A15 /* Cafe */,
			);
		};
/* End PBXProject section */

/* Begin PBXResourcesBuildPhase section */
		E207A44D2B3557ED008B6A15 /* Resources */ = {
			isa = PBXResourcesBuildPhase;
			buildActionMask = 2147483647;
			files = (
				E207A45F2B3557EF008B6A15 /* LaunchScreen.storyboard in Resources */,
				E207A45C2B3557EF008B6A15 /* Assets.xcassets in Resources */,
			);
			runOnlyForDeploymentPostprocessing = 0;
		};
/* End PBXResourcesBuildPhase section */

/* Begin PBXSourcesBuildPhase section */
		E207A44B2B3557ED008B6A15 /* Sources */ = {
			isa = PBXSourcesBuildPhase;
			buildActionMask = 2147483647;
			files = (
				E207A49C2B3864E1008B6A15 /* LoginInteractor.swift in Sources */,
				E207A47F2B3560E1008B6A15 /* RegistrationPresenter.swift in Sources */,
				E207A4532B3557ED008B6A15 /* AppDelegate.swift in Sources */,
				E207A4992B3864E1008B6A15 /* LoginPresenter.swift in Sources */,
				E207A47E2B3560E1008B6A15 /* RegistrationModuleBuilder.swift in Sources */,
				E207A4882B37E9B8008B6A15 /* CustomContainerView.swift in Sources */,
				E207A4812B3560E1008B6A15 /* RegistrationViewController.swift in Sources */,
				E207A4912B385EB0008B6A15 /* AuthToken.swift in Sources */,
				E207A4822B3560E1008B6A15 /* RegistrationInteractor.swift in Sources */,
				E207A49A2B3864E1008B6A15 /* LoginRouter.swift in Sources */,
				E207A4982B3864E1008B6A15 /* LoginModuleBuilder.swift in Sources */,
				E207A4552B3557ED008B6A15 /* SceneDelegate.swift in Sources */,
				E207A48D2B38264D008B6A15 /* AuthService.swift in Sources */,
				E207A49B2B3864E1008B6A15 /* LoginViewController.swift in Sources */,
				E207A48B2B38140B008B6A15 /* AuthAPI.swift in Sources */,
				E207A4802B3560E1008B6A15 /* RegistrationRouter.swift in Sources */,
				E207A4A82B3872D3008B6A15 /* AppDependencies.swift in Sources */,
				E207A48F2B3826B1008B6A15 /* UserModel.swift in Sources */,
			);
			runOnlyForDeploymentPostprocessing = 0;
		};
/* End PBXSourcesBuildPhase section */

/* Begin PBXVariantGroup section */
		E207A45D2B3557EF008B6A15 /* LaunchScreen.storyboard */ = {
			isa = PBXVariantGroup;
			children = (
				E207A45E2B3557EF008B6A15 /* Base */,
			);
			name = LaunchScreen.storyboard;
			sourceTree = "<group>";
		};
/* End PBXVariantGroup section */

/* Begin XCBuildConfiguration section */
		E207A4612B3557EF008B6A15 /* Debug */ = {
			isa = XCBuildConfiguration;
			buildSettings = {
				ALWAYS_SEARCH_USER_PATHS = NO;
				ASSETCATALOG_COMPILER_GENERATE_SWIFT_ASSET_SYMBOL_EXTENSIONS = YES;
				CLANG_ANALYZER_NONNULL = YES;
				CLANG_ANALYZER_NUMBER_OBJECT_CONVERSION = YES_AGGRESSIVE;
				CLANG_CXX_LANGUAGE_STANDARD = "gnu++20";
				CLANG_ENABLE_MODULES = YES;
				CLANG_ENABLE_OBJC_ARC = YES;
				CLANG_ENABLE_OBJC_WEAK = YES;
				CLANG_WARN_BLOCK_CAPTURE_AUTORELEASING = YES;
				CLANG_WARN_BOOL_CONVERSION = YES;
				CLANG_WARN_COMMA = YES;
				CLANG_WARN_CONSTANT_CONVERSION = YES;
				CLANG_WARN_DEPRECATED_OBJC_IMPLEMENTATIONS = YES;
				CLANG_WARN_DIRECT_OBJC_ISA_USAGE = YES_ERROR;
				CLANG_WARN_DOCUMENTATION_COMMENTS = YES;
				CLANG_WARN_EMPTY_BODY = YES;
				CLANG_WARN_ENUM_CONVERSION = YES;
				CLANG_WARN_INFINITE_RECURSION = YES;
				CLANG_WARN_INT_CONVERSION = YES;
				CLANG_WARN_NON_LITERAL_NULL_CONVERSION = YES;
				CLANG_WARN_OBJC_IMPLICIT_RETAIN_SELF = YES;
				CLANG_WARN_OBJC_LITERAL_CONVERSION = YES;
				CLANG_WARN_OBJC_ROOT_CLASS = YES_ERROR;
				CLANG_WARN_QUOTED_INCLUDE_IN_FRAMEWORK_HEADER = YES;
				CLANG_WARN_RANGE_LOOP_ANALYSIS = YES;
				CLANG_WARN_STRICT_PROTOTYPES = YES;
				CLANG_WARN_SUSPICIOUS_MOVE = YES;
				CLANG_WARN_UNGUARDED_AVAILABILITY = YES_AGGRESSIVE;
				CLANG_WARN_UNREACHABLE_CODE = YES;
				CLANG_WARN__DUPLICATE_METHOD_MATCH = YES;
				COPY_PHASE_STRIP = NO;
				DEBUG_INFORMATION_FORMAT = dwarf;
				ENABLE_STRICT_OBJC_MSGSEND = YES;
				ENABLE_TESTABILITY = YES;
				ENABLE_USER_SCRIPT_SANDBOXING = YES;
				GCC_C_LANGUAGE_STANDARD = gnu17;
				GCC_DYNAMIC_NO_PIC = NO;
				GCC_NO_COMMON_BLOCKS = YES;
				GCC_OPTIMIZATION_LEVEL = 0;
				GCC_PREPROCESSOR_DEFINITIONS = (
					"DEBUG=1",
					"$(inherited)",
				);
				GCC_WARN_64_TO_32_BIT_CONVERSION = YES;
				GCC_WARN_ABOUT_RETURN_TYPE = YES_ERROR;
				GCC_WARN_UNDECLARED_SELECTOR = YES;
				GCC_WARN_UNINITIALIZED_AUTOS = YES_AGGRESSIVE;
				GCC_WARN_UNUSED_FUNCTION = YES;
				GCC_WARN_UNUSED_VARIABLE = YES;
				IPHONEOS_DEPLOYMENT_TARGET = 17.0;
				LOCALIZATION_PREFERS_STRING_CATALOGS = YES;
				MTL_ENABLE_DEBUG_INFO = INCLUDE_SOURCE;
				MTL_FAST_MATH = YES;
				ONLY_ACTIVE_ARCH = YES;
				SDKROOT = iphoneos;
				SWIFT_ACTIVE_COMPILATION_CONDITIONS = "DEBUG $(inherited)";
				SWIFT_OPTIMIZATION_LEVEL = "-Onone";
			};
			name = Debug;
		};
		E207A4622B3557EF008B6A15 /* Release */ = {
			isa = XCBuildConfiguration;
			buildSettings = {
				ALWAYS_SEARCH_USER_PATHS = NO;
				ASSETCATALOG_COMPILER_GENERATE_SWIFT_ASSET_SYMBOL_EXTENSIONS = YES;
				CLANG_ANALYZER_NONNULL = YES;
				CLANG_ANALYZER_NUMBER_OBJECT_CONVERSION = YES_AGGRESSIVE;
				CLANG_CXX_LANGUAGE_STANDARD = "gnu++20";
				CLANG_ENABLE_MODULES = YES;
				CLANG_ENABLE_OBJC_ARC = YES;
				CLANG_ENABLE_OBJC_WEAK = YES;
				CLANG_WARN_BLOCK_CAPTURE_AUTORELEASING = YES;
				CLANG_WARN_BOOL_CONVERSION = YES;
				CLANG_WARN_COMMA = YES;
				CLANG_WARN_CONSTANT_CONVERSION = YES;
				CLANG_WARN_DEPRECATED_OBJC_IMPLEMENTATIONS = YES;
				CLANG_WARN_DIRECT_OBJC_ISA_USAGE = YES_ERROR;
				CLANG_WARN_DOCUMENTATION_COMMENTS = YES;
				CLANG_WARN_EMPTY_BODY = YES;
				CLANG_WARN_ENUM_CONVERSION = YES;
				CLANG_WARN_INFINITE_RECURSION = YES;
				CLANG_WARN_INT_CONVERSION = YES;
				CLANG_WARN_NON_LITERAL_NULL_CONVERSION = YES;
				CLANG_WARN_OBJC_IMPLICIT_RETAIN_SELF = YES;
				CLANG_WARN_OBJC_LITERAL_CONVERSION = YES;
				CLANG_WARN_OBJC_ROOT_CLASS = YES_ERROR;
				CLANG_WARN_QUOTED_INCLUDE_IN_FRAMEWORK_HEADER = YES;
				CLANG_WARN_RANGE_LOOP_ANALYSIS = YES;
				CLANG_WARN_STRICT_PROTOTYPES = YES;
				CLANG_WARN_SUSPICIOUS_MOVE = YES;
				CLANG_WARN_UNGUARDED_AVAILABILITY = YES_AGGRESSIVE;
				CLANG_WARN_UNREACHABLE_CODE = YES;
				CLANG_WARN__DUPLICATE_METHOD_MATCH = YES;
				COPY_PHASE_STRIP = NO;
				DEBUG_INFORMATION_FORMAT = "dwarf-with-dsym";
				ENABLE_NS_ASSERTIONS = NO;
				ENABLE_STRICT_OBJC_MSGSEND = YES;
				ENABLE_USER_SCRIPT_SANDBOXING = YES;
				GCC_C_LANGUAGE_STANDARD = gnu17;
				GCC_NO_COMMON_BLOCKS = YES;
				GCC_WARN_64_TO_32_BIT_CONVERSION = YES;
				GCC_WARN_ABOUT_RETURN_TYPE = YES_ERROR;
				GCC_WARN_UNDECLARED_SELECTOR = YES;
				GCC_WARN_UNINITIALIZED_AUTOS = YES_AGGRESSIVE;
				GCC_WARN_UNUSED_FUNCTION = YES;
				GCC_WARN_UNUSED_VARIABLE = YES;
				IPHONEOS_DEPLOYMENT_TARGET = 17.0;
				LOCALIZATION_PREFERS_STRING_CATALOGS = YES;
				MTL_ENABLE_DEBUG_INFO = NO;
				MTL_FAST_MATH = YES;
				SDKROOT = iphoneos;
				SWIFT_COMPILATION_MODE = wholemodule;
				VALIDATE_PRODUCT = YES;
			};
			name = Release;
		};
		E207A4642B3557EF008B6A15 /* Debug */ = {
			isa = XCBuildConfiguration;
			buildSettings = {
				ASSETCATALOG_COMPILER_APPICON_NAME = AppIcon;
				ASSETCATALOG_COMPILER_GLOBAL_ACCENT_COLOR_NAME = AccentColor;
				CODE_SIGN_STYLE = Automatic;
				CURRENT_PROJECT_VERSION = 1;
				DEVELOPMENT_TEAM = G2Z3KJVPLW;
				GENERATE_INFOPLIST_FILE = YES;
				INFOPLIST_FILE = Cafe/Info.plist;
				INFOPLIST_KEY_UIApplicationSupportsIndirectInputEvents = YES;
				INFOPLIST_KEY_UILaunchStoryboardName = LaunchScreen;
				INFOPLIST_KEY_UISupportedInterfaceOrientations = UIInterfaceOrientationPortrait;
				INFOPLIST_KEY_UISupportedInterfaceOrientations_iPad = "UIInterfaceOrientationLandscapeLeft UIInterfaceOrientationLandscapeRight UIInterfaceOrientationPortraitUpsideDown";
				LD_RUNPATH_SEARCH_PATHS = (
					"$(inherited)",
					"@executable_path/Frameworks",
				);
				MARKETING_VERSION = 1.0;
				PRODUCT_BUNDLE_IDENTIFIER = com.agaripov.Cafe;
				PRODUCT_NAME = "$(TARGET_NAME)";
				SUPPORTED_PLATFORMS = "iphoneos iphonesimulator";
				SUPPORTS_MACCATALYST = NO;
				SUPPORTS_MAC_DESIGNED_FOR_IPHONE_IPAD = NO;
				SWIFT_EMIT_LOC_STRINGS = YES;
				SWIFT_VERSION = 5.0;
				TARGETED_DEVICE_FAMILY = 1;
			};
			name = Debug;
		};
		E207A4652B3557EF008B6A15 /* Release */ = {
			isa = XCBuildConfiguration;
			buildSettings = {
				ASSETCATALOG_COMPILER_APPICON_NAME = AppIcon;
				ASSETCATALOG_COMPILER_GLOBAL_ACCENT_COLOR_NAME = AccentColor;
				CODE_SIGN_STYLE = Automatic;
				CURRENT_PROJECT_VERSION = 1;
				DEVELOPMENT_TEAM = G2Z3KJVPLW;
				GENERATE_INFOPLIST_FILE = YES;
				INFOPLIST_FILE = Cafe/Info.plist;
				INFOPLIST_KEY_UIApplicationSupportsIndirectInputEvents = YES;
				INFOPLIST_KEY_UILaunchStoryboardName = LaunchScreen;
				INFOPLIST_KEY_UISupportedInterfaceOrientations = UIInterfaceOrientationPortrait;
				INFOPLIST_KEY_UISupportedInterfaceOrientations_iPad = "UIInterfaceOrientationLandscapeLeft UIInterfaceOrientationLandscapeRight UIInterfaceOrientationPortraitUpsideDown";
				LD_RUNPATH_SEARCH_PATHS = (
					"$(inherited)",
					"@executable_path/Frameworks",
				);
				MARKETING_VERSION = 1.0;
				PRODUCT_BUNDLE_IDENTIFIER = com.agaripov.Cafe;
				PRODUCT_NAME = "$(TARGET_NAME)";
				SUPPORTED_PLATFORMS = "iphoneos iphonesimulator";
				SUPPORTS_MACCATALYST = NO;
				SUPPORTS_MAC_DESIGNED_FOR_IPHONE_IPAD = NO;
				SWIFT_EMIT_LOC_STRINGS = YES;
				SWIFT_VERSION = 5.0;
				TARGETED_DEVICE_FAMILY = 1;
			};
			name = Release;
		};
/* End XCBuildConfiguration section */

/* Begin XCConfigurationList section */
		E207A44A2B3557ED008B6A15 /* Build configuration list for PBXProject "Cafe" */ = {
			isa = XCConfigurationList;
			buildConfigurations = (
				E207A4612B3557EF008B6A15 /* Debug */,
				E207A4622B3557EF008B6A15 /* Release */,
			);
			defaultConfigurationIsVisible = 0;
			defaultConfigurationName = Release;
		};
		E207A4632B3557EF008B6A15 /* Build configuration list for PBXNativeTarget "Cafe" */ = {
			isa = XCConfigurationList;
			buildConfigurations = (
				E207A4642B3557EF008B6A15 /* Debug */,
				E207A4652B3557EF008B6A15 /* Release */,
			);
			defaultConfigurationIsVisible = 0;
			defaultConfigurationName = Release;
		};
/* End XCConfigurationList section */

/* Begin XCRemoteSwiftPackageReference section */
		E207A4662B355994008B6A15 /* XCRemoteSwiftPackageReference "SnapKit" */ = {
			isa = XCRemoteSwiftPackageReference;
			repositoryURL = "https://github.com/SnapKit/SnapKit";
			requirement = {
				kind = upToNextMajorVersion;
				minimumVersion = 5.6.0;
			};
		};
		E207A4702B355A2F008B6A15 /* XCRemoteSwiftPackageReference "Moya" */ = {
			isa = XCRemoteSwiftPackageReference;
			repositoryURL = "https://github.com/Moya/Moya";
			requirement = {
				kind = upToNextMajorVersion;
				minimumVersion = 15.0.3;
			};
		};
/* End XCRemoteSwiftPackageReference section */

/* Begin XCSwiftPackageProductDependency section */
		E207A4672B355994008B6A15 /* SnapKit */ = {
			isa = XCSwiftPackageProductDependency;
			package = E207A4662B355994008B6A15 /* XCRemoteSwiftPackageReference "SnapKit" */;
			productName = SnapKit;
		};
		E207A4692B355994008B6A15 /* SnapKit-Dynamic */ = {
			isa = XCSwiftPackageProductDependency;
			package = E207A4662B355994008B6A15 /* XCRemoteSwiftPackageReference "SnapKit" */;
			productName = "SnapKit-Dynamic";
		};
		E207A4712B355A2F008B6A15 /* CombineMoya */ = {
			isa = XCSwiftPackageProductDependency;
			package = E207A4702B355A2F008B6A15 /* XCRemoteSwiftPackageReference "Moya" */;
			productName = CombineMoya;
		};
		E207A4732B355A2F008B6A15 /* Moya */ = {
			isa = XCSwiftPackageProductDependency;
			package = E207A4702B355A2F008B6A15 /* XCRemoteSwiftPackageReference "Moya" */;
			productName = Moya;
		};
		E207A4752B355A2F008B6A15 /* ReactiveMoya */ = {
			isa = XCSwiftPackageProductDependency;
			package = E207A4702B355A2F008B6A15 /* XCRemoteSwiftPackageReference "Moya" */;
			productName = ReactiveMoya;
		};
		E207A4772B355A2F008B6A15 /* RxMoya */ = {
			isa = XCSwiftPackageProductDependency;
			package = E207A4702B355A2F008B6A15 /* XCRemoteSwiftPackageReference "Moya" */;
			productName = RxMoya;
		};
/* End XCSwiftPackageProductDependency section */
	};
	rootObject = E207A4472B3557ED008B6A15 /* Project object */;
}
